{
  "version": 4,
  "terraform_version": "1.6.6",
  "serial": 1499,
  "lineage": "34dd4655-8e71-ccd8-1f82-49dbd3bb652b",
  "outputs": {
    "api_gateway_url": {
      "value": "hello-gateway-3py5jebv.uc.gateway.dev",
      "type": "string"
    },
    "cloud_function_url": {
      "value": "https://hello-function-2hdmxuwakq-du.a.run.app",
      "type": "string"
    },
    "gcp_vpn_ip": {
      "value": "34.22.74.100",
      "type": "string"
    }
  },
  "resources": [
    {
      "mode": "data",
      "type": "google_project",
      "name": "project",
      "provider": "provider[\"registry.terraform.io/hashicorp/google\"]",
      "instances": [
        {
          "schema_version": 0,
          "attributes": {
            "auto_create_network": null,
            "billing_account": null,
            "deletion_policy": "PREVENT",
            "effective_labels": {},
            "folder_id": null,
            "id": "projects/ott-project-462006",
            "labels": {},
            "name": "ott-project",
            "number": "291577203787",
            "org_id": null,
            "project_id": "ott-project-462006",
            "tags": null,
            "terraform_labels": {}
          },
          "sensitive_attributes": []
        }
      ]
    },
    {
      "mode": "data",
      "type": "template_file",
      "name": "openapi",
      "provider": "provider[\"registry.terraform.io/hashicorp/template\"]",
      "instances": [
        {
          "schema_version": 0,
          "attributes": {
            "filename": null,
            "id": "9a7adb838166bdef92e36e0ea551e74b85b748a8f2b25f5bff8cc6348d53f17d",
            "rendered": "swagger: \"2.0\"\r\ninfo:\r\n  title: Hello API\r\n  version: 1.0.0\r\npaths:\r\n  /:\r\n    get:\r\n      summary: Hello World\r\n      operationId: hello_world\r\n      responses:\r\n        '200':\r\n          description: A successful response\r\n      x-google-backend:\r\n        address: https://hello-function-2hdmxuwakq-du.a.run.app\r\n",
            "template": "swagger: \"2.0\"\r\ninfo:\r\n  title: Hello API\r\n  version: 1.0.0\r\npaths:\r\n  /:\r\n    get:\r\n      summary: Hello World\r\n      operationId: hello_world\r\n      responses:\r\n        '200':\r\n          description: A successful response\r\n      x-google-backend:\r\n        address: ${cloud_function_url}\r\n",
            "vars": {
              "cloud_function_url": "https://hello-function-2hdmxuwakq-du.a.run.app"
            }
          },
          "sensitive_attributes": []
        }
      ]
    },
    {
      "mode": "managed",
      "type": "google_api_gateway_api",
      "name": "hello_api",
      "provider": "provider[\"registry.terraform.io/hashicorp/google-beta\"]",
      "instances": [
        {
          "schema_version": 0,
          "attributes": {
            "api_id": "hello-api",
            "create_time": "2025-07-03T00:20:21.685119797Z",
            "display_name": "hello-api",
            "effective_labels": {
              "goog-terraform-provisioned": "true"
            },
            "id": "projects/ott-project-462006/locations/global/apis/hello-api",
            "labels": {},
            "managed_service": "hello-api-2s03nys463lnr.apigateway.ott-project-462006.cloud.goog",
            "name": "projects/ott-project-462006/locations/global/apis/hello-api",
            "project": "ott-project-462006",
            "terraform_labels": {
              "goog-terraform-provisioned": "true"
            },
            "timeouts": null
          },
          "sensitive_attributes": [],
          "private": "eyJlMmJmYjczMC1lY2FhLTExZTYtOGY4OC0zNDM2M2JjN2M0YzAiOnsiY3JlYXRlIjoxMjAwMDAwMDAwMDAwLCJkZWxldGUiOjEyMDAwMDAwMDAwMDAsInVwZGF0ZSI6MTIwMDAwMDAwMDAwMH19",
          "dependencies": [
            "google_project_service.api_gateway"
          ]
        }
      ]
    },
    {
      "mode": "managed",
      "type": "google_api_gateway_api_config",
      "name": "hello_config",
      "provider": "provider[\"registry.terraform.io/hashicorp/google-beta\"]",
      "instances": [
        {
          "schema_version": 0,
          "attributes": {
            "api": "hello-api",
            "api_config_id": "terraform-20250703002203753900000001",
            "api_config_id_prefix": null,
            "display_name": "hello-config",
            "effective_labels": {
              "goog-terraform-provisioned": "true"
            },
            "gateway_config": [],
            "grpc_services": [],
            "id": "projects/ott-project-462006/locations/global/apis/hello-api/configs/terraform-20250703002203753900000001",
            "labels": {},
            "managed_service_configs": [],
            "name": "projects/291577203787/locations/global/apis/hello-api/configs/terraform-20250703002203753900000001",
            "openapi_documents": [
              {
                "document": [
                  {
                    "contents": "c3dhZ2dlcjogIjIuMCINCmluZm86DQogIHRpdGxlOiBIZWxsbyBBUEkNCiAgdmVyc2lvbjogMS4wLjANCnBhdGhzOg0KICAvOg0KICAgIGdldDoNCiAgICAgIHN1bW1hcnk6IEhlbGxvIFdvcmxkDQogICAgICBvcGVyYXRpb25JZDogaGVsbG9fd29ybGQNCiAgICAgIHJlc3BvbnNlczoNCiAgICAgICAgJzIwMCc6DQogICAgICAgICAgZGVzY3JpcHRpb246IEEgc3VjY2Vzc2Z1bCByZXNwb25zZQ0KICAgICAgeC1nb29nbGUtYmFja2VuZDoNCiAgICAgICAgYWRkcmVzczogaHR0cHM6Ly9oZWxsby1mdW5jdGlvbi0yaGRteHV3YWtxLWR1LmEucnVuLmFwcA0K",
                    "path": "openapi-dynamic.yml"
                  }
                ]
              }
            ],
            "project": "ott-project-462006",
            "service_config_id": "terraform-20250703002203753900000001-13m8lg1o40qgx",
            "terraform_labels": {
              "goog-terraform-provisioned": "true"
            },
            "timeouts": null
          },
          "sensitive_attributes": [],
          "private": "eyJlMmJmYjczMC1lY2FhLTExZTYtOGY4OC0zNDM2M2JjN2M0YzAiOnsiY3JlYXRlIjoxMjAwMDAwMDAwMDAwLCJkZWxldGUiOjEyMDAwMDAwMDAwMDAsInVwZGF0ZSI6MTIwMDAwMDAwMDAwMH19",
          "dependencies": [
            "data.google_project.project",
            "data.template_file.openapi",
            "google_api_gateway_api.hello_api",
            "google_cloudfunctions2_function.hello_function",
            "google_project_iam_member.cloud_build_artifact_registry_writer",
            "google_project_iam_member.cloud_build_functions_developer",
            "google_project_iam_member.cloud_build_run_admin",
            "google_project_iam_member.cloud_build_sa_user",
            "google_project_iam_member.cloud_functions_artifact_reader",
            "google_project_iam_member.functions_runtime_run_developer",
            "google_project_iam_member.functions_runtime_run_invoker",
            "google_project_service.api_gateway",
            "google_project_service.artifactregistry",
            "google_project_service.cloudbuild",
            "google_project_service.cloudfunctions",
            "google_project_service.cloudrun",
            "google_project_service.iam",
            "google_project_service.storage",
            "google_storage_bucket.function_bucket",
            "google_storage_bucket_object.function_zip"
          ]
        }
      ]
    },
    {
      "mode": "managed",
      "type": "google_api_gateway_gateway",
      "name": "hello_gateway",
      "provider": "provider[\"registry.terraform.io/hashicorp/google-beta\"]",
      "instances": [
        {
          "schema_version": 0,
          "attributes": {
            "api_config": "projects/291577203787/locations/global/apis/hello-api/configs/terraform-20250703002203753900000001",
            "default_hostname": "hello-gateway-3py5jebv.uc.gateway.dev",
            "display_name": "hello-gateway",
            "effective_labels": {
              "goog-terraform-provisioned": "true"
            },
            "gateway_id": "hello-gateway",
            "id": "projects/ott-project-462006/locations/us-central1/gateways/hello-gateway",
            "labels": {},
            "name": "projects/ott-project-462006/locations/us-central1/gateways/hello-gateway",
            "project": "ott-project-462006",
            "region": "us-central1",
            "terraform_labels": {
              "goog-terraform-provisioned": "true"
            },
            "timeouts": null
          },
          "sensitive_attributes": [],
          "private": "eyJlMmJmYjczMC1lY2FhLTExZTYtOGY4OC0zNDM2M2JjN2M0YzAiOnsiY3JlYXRlIjoxMjAwMDAwMDAwMDAwLCJkZWxldGUiOjEyMDAwMDAwMDAwMDAsInVwZGF0ZSI6MTIwMDAwMDAwMDAwMH19",
          "dependencies": [
            "data.google_project.project",
            "data.template_file.openapi",
            "google_api_gateway_api.hello_api",
            "google_api_gateway_api_config.hello_config",
            "google_cloudfunctions2_function.hello_function",
            "google_project_iam_member.cloud_build_artifact_registry_writer",
            "google_project_iam_member.cloud_build_functions_developer",
            "google_project_iam_member.cloud_build_run_admin",
            "google_project_iam_member.cloud_build_sa_user",
            "google_project_iam_member.cloud_functions_artifact_reader",
            "google_project_iam_member.functions_runtime_run_developer",
            "google_project_iam_member.functions_runtime_run_invoker",
            "google_project_iam_member.terraform_api_gateway_editor",
            "google_project_service.api_gateway",
            "google_project_service.artifactregistry",
            "google_project_service.cloudbuild",
            "google_project_service.cloudfunctions",
            "google_project_service.cloudrun",
            "google_project_service.iam",
            "google_project_service.storage",
            "google_storage_bucket.function_bucket",
            "google_storage_bucket_object.function_zip"
          ]
        }
      ]
    },
    {
      "mode": "managed",
      "type": "google_cloud_run_service_iam_member",
      "name": "invoker",
      "provider": "provider[\"registry.terraform.io/hashicorp/google-beta\"]",
      "instances": [
        {
          "schema_version": 0,
          "attributes": {
            "condition": [],
            "etag": "BwY4+1yqdnE=",
            "id": "v1/projects/ott-project-462006/locations/asia-northeast3/services/hello-function/roles/run.invoker/allUsers",
            "location": "asia-northeast3",
            "member": "allUsers",
            "project": "ott-project-462006",
            "role": "roles/run.invoker",
            "service": "v1/projects/ott-project-462006/locations/asia-northeast3/services/hello-function"
          },
          "sensitive_attributes": [],
          "private": "bnVsbA==",
          "dependencies": [
            "data.google_project.project",
            "google_cloudfunctions2_function.hello_function",
            "google_project_iam_member.cloud_build_artifact_registry_writer",
            "google_project_iam_member.cloud_build_functions_developer",
            "google_project_iam_member.cloud_build_run_admin",
            "google_project_iam_member.cloud_build_sa_user",
            "google_project_iam_member.cloud_functions_artifact_reader",
            "google_project_iam_member.functions_runtime_run_developer",
            "google_project_iam_member.functions_runtime_run_invoker",
            "google_project_service.artifactregistry",
            "google_project_service.cloudbuild",
            "google_project_service.cloudfunctions",
            "google_project_service.cloudrun",
            "google_project_service.iam",
            "google_project_service.storage",
            "google_storage_bucket.function_bucket",
            "google_storage_bucket_object.function_zip"
          ]
        }
      ]
    },
    {
      "mode": "managed",
      "type": "google_cloudfunctions2_function",
      "name": "hello_function",
      "provider": "provider[\"registry.terraform.io/hashicorp/google-beta\"]",
      "instances": [
        {
          "schema_version": 0,
          "attributes": {
            "build_config": [
              {
                "automatic_update_policy": [
                  {}
                ],
                "build": "projects/291577203787/locations/asia-northeast3/builds/046f6c3d-0cd3-46e1-a3e4-9f02b33040c3",
                "docker_repository": "projects/ott-project-462006/locations/asia-northeast3/repositories/gcf-artifacts",
                "entry_point": "hello_world",
                "environment_variables": {},
                "on_deploy_update_policy": [],
                "runtime": "python310",
                "service_account": "projects/ott-project-462006/serviceAccounts/291577203787-compute@developer.gserviceaccount.com",
                "source": [
                  {
                    "repo_source": [],
                    "storage_source": [
                      {
                        "bucket": "ott-project-462006-function-bucket",
                        "generation": 1751502048889314,
                        "object": "function-source.zip"
                      }
                    ]
                  }
                ],
                "worker_pool": ""
              }
            ],
            "description": "",
            "effective_labels": {
              "goog-terraform-provisioned": "true"
            },
            "environment": "GEN_2",
            "event_trigger": [],
            "id": "projects/ott-project-462006/locations/asia-northeast3/functions/hello-function",
            "kms_key_name": "",
            "labels": {},
            "location": "asia-northeast3",
            "name": "hello-function",
            "project": "ott-project-462006",
            "service_config": [
              {
                "all_traffic_on_latest_revision": true,
                "available_cpu": "0.0833",
                "available_memory": "128Mi",
                "binary_authorization_policy": "",
                "environment_variables": {
                  "ENV": "dev",
                  "LOG_EXECUTION_ID": "true"
                },
                "gcf_uri": "",
                "ingress_settings": "ALLOW_ALL",
                "max_instance_count": 12,
                "max_instance_request_concurrency": 1,
                "min_instance_count": 0,
                "secret_environment_variables": [],
                "secret_volumes": [],
                "service": "projects/ott-project-462006/locations/asia-northeast3/services/hello-function",
                "service_account_email": "terraform-vm-sa@ott-project-462006.iam.gserviceaccount.com",
                "timeout_seconds": 60,
                "uri": "https://hello-function-2hdmxuwakq-du.a.run.app",
                "vpc_connector": "",
                "vpc_connector_egress_settings": ""
              }
            ],
            "state": "ACTIVE",
            "terraform_labels": {
              "goog-terraform-provisioned": "true"
            },
            "timeouts": null,
            "update_time": "2025-07-03T00:21:31.383816454Z",
            "url": "https://asia-northeast3-ott-project-462006.cloudfunctions.net/hello-function"
          },
          "sensitive_attributes": [],
          "private": "eyJlMmJmYjczMC1lY2FhLTExZTYtOGY4OC0zNDM2M2JjN2M0YzAiOnsiY3JlYXRlIjozNjAwMDAwMDAwMDAwLCJkZWxldGUiOjM2MDAwMDAwMDAwMDAsInVwZGF0ZSI6MzYwMDAwMDAwMDAwMH19",
          "dependencies": [
            "data.google_project.project",
            "google_project_iam_member.cloud_build_artifact_registry_writer",
            "google_project_iam_member.cloud_build_functions_developer",
            "google_project_iam_member.cloud_build_run_admin",
            "google_project_iam_member.cloud_build_sa_user",
            "google_project_iam_member.cloud_functions_artifact_reader",
            "google_project_iam_member.functions_runtime_run_developer",
            "google_project_iam_member.functions_runtime_run_invoker",
            "google_project_service.artifactregistry",
            "google_project_service.cloudbuild",
            "google_project_service.cloudfunctions",
            "google_project_service.cloudrun",
            "google_project_service.iam",
            "google_project_service.storage",
            "google_storage_bucket.function_bucket",
            "google_storage_bucket_object.function_zip"
          ]
        }
      ]
    },
    {
      "mode": "managed",
      "type": "google_compute_address",
      "name": "vpn_static_ip",
      "provider": "provider[\"registry.terraform.io/hashicorp/google\"]",
      "instances": [
        {
          "schema_version": 0,
          "attributes": {
            "address": "34.22.74.100",
            "address_type": "EXTERNAL",
            "creation_timestamp": "2025-07-02T17:52:45.801-07:00",
            "description": "",
            "effective_labels": {
              "goog-terraform-provisioned": "true"
            },
            "id": "projects/ott-project-462006/regions/asia-northeast3/addresses/gcp-vpn-static-ip",
            "ip_version": "",
            "ipv6_endpoint_type": "",
            "label_fingerprint": "vezUS-42LLM=",
            "labels": {},
            "name": "gcp-vpn-static-ip",
            "network": "",
            "network_tier": "PREMIUM",
            "prefix_length": 0,
            "project": "ott-project-462006",
            "purpose": "",
            "region": "asia-northeast3",
            "self_link": "https://www.googleapis.com/compute/v1/projects/ott-project-462006/regions/asia-northeast3/addresses/gcp-vpn-static-ip",
            "subnetwork": "",
            "terraform_labels": {
              "goog-terraform-provisioned": "true"
            },
            "timeouts": null,
            "users": [
              "https://www.googleapis.com/compute/v1/projects/ott-project-462006/regions/asia-northeast3/forwardingRules/udp500-forwarding-rule",
              "https://www.googleapis.com/compute/v1/projects/ott-project-462006/regions/asia-northeast3/forwardingRules/esp-forwarding-rule",
              "https://www.googleapis.com/compute/v1/projects/ott-project-462006/regions/asia-northeast3/forwardingRules/udp4500-forwarding-rule"
            ]
          },
          "sensitive_attributes": [],
          "private": "eyJlMmJmYjczMC1lY2FhLTExZTYtOGY4OC0zNDM2M2JjN2M0YzAiOnsiY3JlYXRlIjoxMjAwMDAwMDAwMDAwLCJkZWxldGUiOjEyMDAwMDAwMDAwMDAsInVwZGF0ZSI6MTIwMDAwMDAwMDAwMH19"
        }
      ]
    },
    {
      "mode": "managed",
      "type": "google_compute_firewall",
      "name": "allow-icmp",
      "provider": "provider[\"registry.terraform.io/hashicorp/google\"]",
      "instances": [
        {
          "schema_version": 1,
          "attributes": {
            "allow": [
              {
                "ports": [],
                "protocol": "icmp"
              }
            ],
            "creation_timestamp": "2025-07-02T17:54:11.750-07:00",
            "deny": [],
            "description": "",
            "destination_ranges": [],
            "direction": "INGRESS",
            "disabled": false,
            "enable_logging": null,
            "id": "projects/ott-project-462006/global/firewalls/allow-icmp",
            "log_config": [],
            "name": "allow-icmp",
            "network": "https://www.googleapis.com/compute/v1/projects/ott-project-462006/global/networks/custom-vpc",
            "priority": 1000,
            "project": "ott-project-462006",
            "self_link": "https://www.googleapis.com/compute/v1/projects/ott-project-462006/global/firewalls/allow-icmp",
            "source_ranges": [
              "0.0.0.0/0"
            ],
            "source_service_accounts": [],
            "source_tags": [],
            "target_service_accounts": [],
            "target_tags": [
              "icmp-enabled"
            ],
            "timeouts": null
          },
          "sensitive_attributes": [],
          "private": "eyJlMmJmYjczMC1lY2FhLTExZTYtOGY4OC0zNDM2M2JjN2M0YzAiOnsiY3JlYXRlIjoxMjAwMDAwMDAwMDAwLCJkZWxldGUiOjEyMDAwMDAwMDAwMDAsInVwZGF0ZSI6MTIwMDAwMDAwMDAwMH0sInNjaGVtYV92ZXJzaW9uIjoiMSJ9",
          "dependencies": [
            "google_compute_network.vpc_network"
          ]
        }
      ]
    },
    {
      "mode": "managed",
      "type": "google_compute_firewall",
      "name": "ssh_allow",
      "provider": "provider[\"registry.terraform.io/hashicorp/google\"]",
      "instances": [
        {
          "schema_version": 1,
          "attributes": {
            "allow": [
              {
                "ports": [
                  "22"
                ],
                "protocol": "tcp"
              }
            ],
            "creation_timestamp": "2025-07-02T17:54:11.674-07:00",
            "deny": [],
            "description": "",
            "destination_ranges": [],
            "direction": "INGRESS",
            "disabled": false,
            "enable_logging": null,
            "id": "projects/ott-project-462006/global/firewalls/allow-ssh",
            "log_config": [],
            "name": "allow-ssh",
            "network": "https://www.googleapis.com/compute/v1/projects/ott-project-462006/global/networks/custom-vpc",
            "priority": 1000,
            "project": "ott-project-462006",
            "self_link": "https://www.googleapis.com/compute/v1/projects/ott-project-462006/global/firewalls/allow-ssh",
            "source_ranges": [
              "0.0.0.0/0"
            ],
            "source_service_accounts": [],
            "source_tags": [],
            "target_service_accounts": [],
            "target_tags": [
              "ssh-enabled"
            ],
            "timeouts": null
          },
          "sensitive_attributes": [],
          "private": "eyJlMmJmYjczMC1lY2FhLTExZTYtOGY4OC0zNDM2M2JjN2M0YzAiOnsiY3JlYXRlIjoxMjAwMDAwMDAwMDAwLCJkZWxldGUiOjEyMDAwMDAwMDAwMDAsInVwZGF0ZSI6MTIwMDAwMDAwMDAwMH0sInNjaGVtYV92ZXJzaW9uIjoiMSJ9",
          "dependencies": [
            "google_compute_network.vpc_network"
          ]
        }
      ]
    },
    {
      "mode": "managed",
      "type": "google_compute_forwarding_rule",
      "name": "esp_forwarding_rule",
      "provider": "provider[\"registry.terraform.io/hashicorp/google\"]",
      "instances": [
        {
          "schema_version": 0,
          "attributes": {
            "all_ports": false,
            "allow_global_access": false,
            "allow_psc_global_access": false,
            "backend_service": "",
            "base_forwarding_rule": "",
            "creation_timestamp": "2025-07-02T17:58:54.124-07:00",
            "description": "",
            "effective_labels": {},
            "forwarding_rule_id": 7112566540750842657,
            "id": "projects/ott-project-462006/regions/asia-northeast3/forwardingRules/esp-forwarding-rule",
            "ip_address": "34.22.74.100",
            "ip_collection": "",
            "ip_protocol": "ESP",
            "ip_version": "",
            "is_mirroring_collector": false,
            "label_fingerprint": "42WmSpB8rSM=",
            "labels": {},
            "load_balancing_scheme": "EXTERNAL",
            "name": "esp-forwarding-rule",
            "network": "",
            "network_tier": "PREMIUM",
            "no_automate_dns_zone": null,
            "port_range": "",
            "ports": [],
            "project": "ott-project-462006",
            "psc_connection_id": "",
            "psc_connection_status": "",
            "recreate_closed_psc": false,
            "region": "asia-northeast3",
            "self_link": "https://www.googleapis.com/compute/v1/projects/ott-project-462006/regions/asia-northeast3/forwardingRules/esp-forwarding-rule",
            "service_directory_registrations": [],
            "service_label": "",
            "service_name": "",
            "source_ip_ranges": [],
            "subnetwork": "",
            "target": "https://www.googleapis.com/compute/v1/projects/ott-project-462006/regions/asia-northeast3/targetVpnGateways/aws-vpn-gateway",
            "terraform_labels": {},
            "timeouts": null
          },
          "sensitive_attributes": [],
          "private": "eyJlMmJmYjczMC1lY2FhLTExZTYtOGY4OC0zNDM2M2JjN2M0YzAiOnsiY3JlYXRlIjoxMjAwMDAwMDAwMDAwLCJkZWxldGUiOjEyMDAwMDAwMDAwMDAsInVwZGF0ZSI6MTIwMDAwMDAwMDAwMH19",
          "dependencies": [
            "google_compute_address.vpn_static_ip",
            "google_compute_network.vpc_network",
            "google_compute_vpn_gateway.aws_vpn_gateway"
          ]
        }
      ]
    },
    {
      "mode": "managed",
      "type": "google_compute_forwarding_rule",
      "name": "udp4500_forwarding_rule",
      "provider": "provider[\"registry.terraform.io/hashicorp/google\"]",
      "instances": [
        {
          "schema_version": 0,
          "attributes": {
            "all_ports": false,
            "allow_global_access": false,
            "allow_psc_global_access": false,
            "backend_service": "",
            "base_forwarding_rule": "",
            "creation_timestamp": "2025-07-02T17:58:54.326-07:00",
            "description": "",
            "effective_labels": {},
            "forwarding_rule_id": 1151491713060596513,
            "id": "projects/ott-project-462006/regions/asia-northeast3/forwardingRules/udp4500-forwarding-rule",
            "ip_address": "34.22.74.100",
            "ip_collection": "",
            "ip_protocol": "UDP",
            "ip_version": "",
            "is_mirroring_collector": false,
            "label_fingerprint": "42WmSpB8rSM=",
            "labels": {},
            "load_balancing_scheme": "EXTERNAL",
            "name": "udp4500-forwarding-rule",
            "network": "",
            "network_tier": "PREMIUM",
            "no_automate_dns_zone": null,
            "port_range": "4500-4500",
            "ports": [],
            "project": "ott-project-462006",
            "psc_connection_id": "",
            "psc_connection_status": "",
            "recreate_closed_psc": false,
            "region": "asia-northeast3",
            "self_link": "https://www.googleapis.com/compute/v1/projects/ott-project-462006/regions/asia-northeast3/forwardingRules/udp4500-forwarding-rule",
            "service_directory_registrations": [],
            "service_label": "",
            "service_name": "",
            "source_ip_ranges": [],
            "subnetwork": "",
            "target": "https://www.googleapis.com/compute/v1/projects/ott-project-462006/regions/asia-northeast3/targetVpnGateways/aws-vpn-gateway",
            "terraform_labels": {},
            "timeouts": null
          },
          "sensitive_attributes": [],
          "private": "eyJlMmJmYjczMC1lY2FhLTExZTYtOGY4OC0zNDM2M2JjN2M0YzAiOnsiY3JlYXRlIjoxMjAwMDAwMDAwMDAwLCJkZWxldGUiOjEyMDAwMDAwMDAwMDAsInVwZGF0ZSI6MTIwMDAwMDAwMDAwMH19",
          "dependencies": [
            "google_compute_address.vpn_static_ip",
            "google_compute_network.vpc_network",
            "google_compute_vpn_gateway.aws_vpn_gateway"
          ]
        }
      ]
    },
    {
      "mode": "managed",
      "type": "google_compute_forwarding_rule",
      "name": "udp500_forwarding_rule",
      "provider": "provider[\"registry.terraform.io/hashicorp/google\"]",
      "instances": [
        {
          "schema_version": 0,
          "attributes": {
            "all_ports": false,
            "allow_global_access": false,
            "allow_psc_global_access": false,
            "backend_service": "",
            "base_forwarding_rule": "",
            "creation_timestamp": "2025-07-02T17:58:54.089-07:00",
            "description": "",
            "effective_labels": {},
            "forwarding_rule_id": 2197890564073483041,
            "id": "projects/ott-project-462006/regions/asia-northeast3/forwardingRules/udp500-forwarding-rule",
            "ip_address": "34.22.74.100",
            "ip_collection": "",
            "ip_protocol": "UDP",
            "ip_version": "",
            "is_mirroring_collector": false,
            "label_fingerprint": "42WmSpB8rSM=",
            "labels": {},
            "load_balancing_scheme": "EXTERNAL",
            "name": "udp500-forwarding-rule",
            "network": "",
            "network_tier": "PREMIUM",
            "no_automate_dns_zone": null,
            "port_range": "500-500",
            "ports": [],
            "project": "ott-project-462006",
            "psc_connection_id": "",
            "psc_connection_status": "",
            "recreate_closed_psc": false,
            "region": "asia-northeast3",
            "self_link": "https://www.googleapis.com/compute/v1/projects/ott-project-462006/regions/asia-northeast3/forwardingRules/udp500-forwarding-rule",
            "service_directory_registrations": [],
            "service_label": "",
            "service_name": "",
            "source_ip_ranges": [],
            "subnetwork": "",
            "target": "https://www.googleapis.com/compute/v1/projects/ott-project-462006/regions/asia-northeast3/targetVpnGateways/aws-vpn-gateway",
            "terraform_labels": {},
            "timeouts": null
          },
          "sensitive_attributes": [],
          "private": "eyJlMmJmYjczMC1lY2FhLTExZTYtOGY4OC0zNDM2M2JjN2M0YzAiOnsiY3JlYXRlIjoxMjAwMDAwMDAwMDAwLCJkZWxldGUiOjEyMDAwMDAwMDAwMDAsInVwZGF0ZSI6MTIwMDAwMDAwMDAwMH19",
          "dependencies": [
            "google_compute_address.vpn_static_ip",
            "google_compute_network.vpc_network",
            "google_compute_vpn_gateway.aws_vpn_gateway"
          ]
        }
      ]
    },
    {
      "mode": "managed",
      "type": "google_compute_instance",
      "name": "private_vm",
      "provider": "provider[\"registry.terraform.io/hashicorp/google\"]",
      "instances": [
        {
          "schema_version": 6,
          "attributes": {
            "advanced_machine_features": [],
            "allow_stopping_for_update": null,
            "attached_disk": [],
            "boot_disk": [
              {
                "auto_delete": true,
                "device_name": "persistent-disk-0",
                "disk_encryption_key_raw": "",
                "disk_encryption_key_rsa": "",
                "disk_encryption_key_sha256": "",
                "disk_encryption_service_account": "",
                "force_attach": false,
                "guest_os_features": [
                  "UEFI_COMPATIBLE",
                  "VIRTIO_SCSI_MULTIQUEUE",
                  "GVNIC"
                ],
                "initialize_params": [
                  {
                    "architecture": "X86_64",
                    "enable_confidential_compute": false,
                    "image": "https://www.googleapis.com/compute/v1/projects/debian-cloud/global/images/debian-11-bullseye-v20250610",
                    "labels": {},
                    "provisioned_iops": 0,
                    "provisioned_throughput": 0,
                    "resource_manager_tags": {},
                    "resource_policies": [],
                    "size": 10,
                    "snapshot": "",
                    "source_image_encryption_key": [],
                    "source_snapshot_encryption_key": [],
                    "storage_pool": "",
                    "type": "pd-standard"
                  }
                ],
                "interface": "",
                "kms_key_self_link": "",
                "mode": "READ_WRITE",
                "source": "https://www.googleapis.com/compute/v1/projects/ott-project-462006/zones/asia-northeast3-a/disks/private-vm"
              }
            ],
            "can_ip_forward": false,
            "confidential_instance_config": [],
            "cpu_platform": "Intel Broadwell",
            "creation_timestamp": "2025-07-02T17:58:44.857-07:00",
            "current_status": "RUNNING",
            "deletion_protection": false,
            "description": "",
            "desired_status": null,
            "effective_labels": {
              "goog-terraform-provisioned": "true"
            },
            "enable_display": false,
            "guest_accelerator": [],
            "hostname": "",
            "id": "projects/ott-project-462006/zones/asia-northeast3-a/instances/private-vm",
            "instance_encryption_key": [],
            "instance_id": "3604207180569930539",
            "key_revocation_action_type": "",
            "label_fingerprint": "vezUS-42LLM=",
            "labels": {},
            "machine_type": "e2-micro",
            "metadata": {},
            "metadata_fingerprint": "0pGo2gFVZ44=",
            "metadata_startup_script": "#!/bin/bash\r\napt-get update\r\napt-get install -y curl wget unzip gnupg google-cloud-sdk\r\necho \"Private VM ready with GCS access.\"\r\n",
            "min_cpu_platform": "",
            "name": "private-vm",
            "network_interface": [
              {
                "access_config": [],
                "alias_ip_range": [],
                "internal_ipv6_prefix_length": 0,
                "ipv6_access_config": [],
                "ipv6_access_type": "",
                "ipv6_address": "",
                "name": "nic0",
                "network": "https://www.googleapis.com/compute/v1/projects/ott-project-462006/global/networks/custom-vpc",
                "network_attachment": "",
                "network_ip": "10.10.2.5",
                "nic_type": "",
                "queue_count": 0,
                "stack_type": "IPV4_ONLY",
                "subnetwork": "https://www.googleapis.com/compute/v1/projects/ott-project-462006/regions/asia-northeast3/subnetworks/private-subnet",
                "subnetwork_project": "ott-project-462006"
              }
            ],
            "network_performance_config": [],
            "params": [],
            "project": "ott-project-462006",
            "reservation_affinity": [],
            "resource_policies": [],
            "scheduling": [
              {
                "automatic_restart": true,
                "availability_domain": 0,
                "instance_termination_action": "",
                "local_ssd_recovery_timeout": [],
                "max_run_duration": [],
                "min_node_cpus": 0,
                "node_affinities": [],
                "on_host_maintenance": "MIGRATE",
                "on_instance_stop_action": [],
                "preemptible": false,
                "provisioning_model": "STANDARD",
                "termination_time": ""
              }
            ],
            "scratch_disk": [],
            "self_link": "https://www.googleapis.com/compute/v1/projects/ott-project-462006/zones/asia-northeast3-a/instances/private-vm",
            "service_account": [
              {
                "email": "vm-access-sa@ott-project-462006.iam.gserviceaccount.com",
                "scopes": [
                  "https://www.googleapis.com/auth/cloud-platform"
                ]
              }
            ],
            "shielded_instance_config": [
              {
                "enable_integrity_monitoring": true,
                "enable_secure_boot": false,
                "enable_vtpm": true
              }
            ],
            "tags": [
              "icmp-enabled",
              "ssh-enabled"
            ],
            "tags_fingerprint": "FLqyp5K68Vk=",
            "terraform_labels": {
              "goog-terraform-provisioned": "true"
            },
            "timeouts": null,
            "zone": "asia-northeast3-a"
          },
          "sensitive_attributes": [],
          "private": "eyJlMmJmYjczMC1lY2FhLTExZTYtOGY4OC0zNDM2M2JjN2M0YzAiOnsiY3JlYXRlIjoxMjAwMDAwMDAwMDAwLCJkZWxldGUiOjEyMDAwMDAwMDAwMDAsInVwZGF0ZSI6MTIwMDAwMDAwMDAwMH0sInNjaGVtYV92ZXJzaW9uIjoiNiJ9",
          "dependencies": [
            "google_compute_network.vpc_network",
            "google_compute_subnetwork.private_subnet",
            "google_service_account.vm_service_account"
          ]
        }
      ]
    },
    {
      "mode": "managed",
      "type": "google_compute_instance",
      "name": "public_vm",
      "provider": "provider[\"registry.terraform.io/hashicorp/google\"]",
      "instances": [
        {
          "schema_version": 6,
          "attributes": {
            "advanced_machine_features": [],
            "allow_stopping_for_update": null,
            "attached_disk": [],
            "boot_disk": [
              {
                "auto_delete": true,
                "device_name": "persistent-disk-0",
                "disk_encryption_key_raw": "",
                "disk_encryption_key_rsa": "",
                "disk_encryption_key_sha256": "",
                "disk_encryption_service_account": "",
                "force_attach": false,
                "guest_os_features": [
                  "UEFI_COMPATIBLE",
                  "VIRTIO_SCSI_MULTIQUEUE",
                  "GVNIC"
                ],
                "initialize_params": [
                  {
                    "architecture": "X86_64",
                    "enable_confidential_compute": false,
                    "image": "https://www.googleapis.com/compute/v1/projects/debian-cloud/global/images/debian-11-bullseye-v20250610",
                    "labels": {},
                    "provisioned_iops": 0,
                    "provisioned_throughput": 0,
                    "resource_manager_tags": {},
                    "resource_policies": [],
                    "size": 10,
                    "snapshot": "",
                    "source_image_encryption_key": [],
                    "source_snapshot_encryption_key": [],
                    "storage_pool": "",
                    "type": "pd-standard"
                  }
                ],
                "interface": "",
                "kms_key_self_link": "",
                "mode": "READ_WRITE",
                "source": "https://www.googleapis.com/compute/v1/projects/ott-project-462006/zones/asia-northeast3-a/disks/demo-vm"
              }
            ],
            "can_ip_forward": false,
            "confidential_instance_config": [],
            "cpu_platform": "Intel Broadwell",
            "creation_timestamp": "2025-07-02T17:54:35.944-07:00",
            "current_status": "RUNNING",
            "deletion_protection": false,
            "description": "",
            "desired_status": null,
            "effective_labels": {
              "goog-terraform-provisioned": "true"
            },
            "enable_display": false,
            "guest_accelerator": [],
            "hostname": "",
            "id": "projects/ott-project-462006/zones/asia-northeast3-a/instances/demo-vm",
            "instance_encryption_key": [],
            "instance_id": "7197494055830841892",
            "key_revocation_action_type": "",
            "label_fingerprint": "vezUS-42LLM=",
            "labels": {},
            "machine_type": "e2-micro",
            "metadata": {
              "ssh-keys": "gcp-user:ssh-rsa AAAAB3NzaC1yc2EAAAADAQABAAABgQCo6+ghjtV4pd+85jxfuwVh++ojVdvMfzMRh/WUmadCyo5cXQ38SnCPed7fK1pvl68UIBtwKVkDP6Y0Wrlpp80unBtWDMEwPo/4k/ZhpGs0n2osJFzhknwKFZrPN719j/Uwdcivpm4S8StgEkLOYO7qgmsg5Sm5n9sbkxi6+CxE0MxPUgemGGnKWSXdd2R8gN46iVeq6uV8ekp9lUHJUlRjq3q7vD4zlClPpD2rQCD/NKjhl3pOm9azZji5LedJcVRebKKKxOmqbUFxLV9oaLis1b15l4uvJ17ezzNU3XEWiwEe+e/5N6owZqt8vs+XMehn+z7it35hIUVE4+A0llgmLy9YAQm0hEWLvkLFOtU0SaQ46PJ5Zs1ejzFU5QgJKm1G831cjZkVG8rremhUrFztSfeD/HuciWoNcIBn+73TV1RNKQLISrg3GtKRwwbYYyqbEiR6cG+L7JXY3ftdor1BRknstYHPN17Wd6cuBhveAg0Y/Rk38HqnMMoEDJkFDb8= gcp-user\r\n"
            },
            "metadata_fingerprint": "SsDu9XsQpBg=",
            "metadata_startup_script": "#!/bin/bash\r\napt-get update\r\napt-get install -y curl wget\r\necho \"Public VM is ready\"\r\n",
            "min_cpu_platform": "",
            "name": "demo-vm",
            "network_interface": [
              {
                "access_config": [
                  {
                    "nat_ip": "34.47.104.222",
                    "network_tier": "PREMIUM",
                    "public_ptr_domain_name": ""
                  }
                ],
                "alias_ip_range": [],
                "internal_ipv6_prefix_length": 0,
                "ipv6_access_config": [],
                "ipv6_access_type": "",
                "ipv6_address": "",
                "name": "nic0",
                "network": "https://www.googleapis.com/compute/v1/projects/ott-project-462006/global/networks/custom-vpc",
                "network_attachment": "",
                "network_ip": "10.10.1.2",
                "nic_type": "",
                "queue_count": 0,
                "stack_type": "IPV4_ONLY",
                "subnetwork": "https://www.googleapis.com/compute/v1/projects/ott-project-462006/regions/asia-northeast3/subnetworks/public-subnet",
                "subnetwork_project": "ott-project-462006"
              }
            ],
            "network_performance_config": [],
            "params": [],
            "project": "ott-project-462006",
            "reservation_affinity": [],
            "resource_policies": [],
            "scheduling": [
              {
                "automatic_restart": true,
                "availability_domain": 0,
                "instance_termination_action": "",
                "local_ssd_recovery_timeout": [],
                "max_run_duration": [],
                "min_node_cpus": 0,
                "node_affinities": [],
                "on_host_maintenance": "MIGRATE",
                "on_instance_stop_action": [],
                "preemptible": false,
                "provisioning_model": "STANDARD",
                "termination_time": ""
              }
            ],
            "scratch_disk": [],
            "self_link": "https://www.googleapis.com/compute/v1/projects/ott-project-462006/zones/asia-northeast3-a/instances/demo-vm",
            "service_account": [],
            "shielded_instance_config": [
              {
                "enable_integrity_monitoring": true,
                "enable_secure_boot": false,
                "enable_vtpm": true
              }
            ],
            "tags": [
              "ssh-enabled"
            ],
            "tags_fingerprint": "BKbxSp3Pw-c=",
            "terraform_labels": {
              "goog-terraform-provisioned": "true"
            },
            "timeouts": null,
            "zone": "asia-northeast3-a"
          },
          "sensitive_attributes": [],
          "private": "eyJlMmJmYjczMC1lY2FhLTExZTYtOGY4OC0zNDM2M2JjN2M0YzAiOnsiY3JlYXRlIjoxMjAwMDAwMDAwMDAwLCJkZWxldGUiOjEyMDAwMDAwMDAwMDAsInVwZGF0ZSI6MTIwMDAwMDAwMDAwMH0sInNjaGVtYV92ZXJzaW9uIjoiNiJ9",
          "dependencies": [
            "google_compute_network.vpc_network",
            "google_compute_subnetwork.public_subnet"
          ]
        }
      ]
    },
    {
      "mode": "managed",
      "type": "google_compute_network",
      "name": "vpc_network",
      "provider": "provider[\"registry.terraform.io/hashicorp/google\"]",
      "instances": [
        {
          "schema_version": 0,
          "attributes": {
            "auto_create_subnetworks": false,
            "bgp_always_compare_med": false,
            "bgp_best_path_selection_mode": "LEGACY",
            "bgp_inter_region_cost": "",
            "delete_default_routes_on_create": false,
            "description": "",
            "enable_ula_internal_ipv6": false,
            "gateway_ipv4": "",
            "id": "projects/ott-project-462006/global/networks/custom-vpc",
            "internal_ipv6_range": "",
            "mtu": 0,
            "name": "custom-vpc",
            "network_firewall_policy_enforcement_order": "AFTER_CLASSIC_FIREWALL",
            "network_id": "8620330121570056292",
            "network_profile": "",
            "numeric_id": "8620330121570056292",
            "project": "ott-project-462006",
            "routing_mode": "REGIONAL",
            "self_link": "https://www.googleapis.com/compute/v1/projects/ott-project-462006/global/networks/custom-vpc",
            "timeouts": null
          },
          "sensitive_attributes": [],
          "private": "eyJlMmJmYjczMC1lY2FhLTExZTYtOGY4OC0zNDM2M2JjN2M0YzAiOnsiY3JlYXRlIjoxMjAwMDAwMDAwMDAwLCJkZWxldGUiOjEyMDAwMDAwMDAwMDAsInVwZGF0ZSI6MTIwMDAwMDAwMDAwMH0sInNjaGVtYV92ZXJzaW9uIjoiMCJ9"
        }
      ]
    },
    {
      "mode": "managed",
      "type": "google_compute_route",
      "name": "to_aws",
      "provider": "provider[\"registry.terraform.io/hashicorp/google\"]",
      "instances": [
        {
          "schema_version": 0,
          "attributes": {
            "as_paths": [],
            "creation_timestamp": "2025-07-02T17:59:27.088-07:00",
            "description": "",
            "dest_range": "10.0.101.0/24",
            "id": "projects/ott-project-462006/global/routes/route-to-aws",
            "name": "route-to-aws",
            "network": "https://www.googleapis.com/compute/v1/projects/ott-project-462006/global/networks/custom-vpc",
            "next_hop_gateway": "",
            "next_hop_hub": "",
            "next_hop_ilb": "",
            "next_hop_instance": "",
            "next_hop_instance_zone": null,
            "next_hop_inter_region_cost": "",
            "next_hop_ip": "",
            "next_hop_med": "",
            "next_hop_network": "",
            "next_hop_origin": "",
            "next_hop_peering": "",
            "next_hop_vpn_tunnel": "https://www.googleapis.com/compute/v1/projects/ott-project-462006/regions/asia-northeast3/vpnTunnels/aws-tunnel",
            "priority": 1000,
            "project": "ott-project-462006",
            "route_status": "",
            "route_type": "",
            "self_link": "https://www.googleapis.com/compute/v1/projects/ott-project-462006/global/routes/route-to-aws",
            "tags": [],
            "timeouts": null,
            "warnings": []
          },
          "sensitive_attributes": [],
          "private": "eyJlMmJmYjczMC1lY2FhLTExZTYtOGY4OC0zNDM2M2JjN2M0YzAiOnsiY3JlYXRlIjoxMjAwMDAwMDAwMDAwLCJkZWxldGUiOjEyMDAwMDAwMDAwMDB9fQ==",
          "dependencies": [
            "google_compute_address.vpn_static_ip",
            "google_compute_forwarding_rule.esp_forwarding_rule",
            "google_compute_forwarding_rule.udp4500_forwarding_rule",
            "google_compute_forwarding_rule.udp500_forwarding_rule",
            "google_compute_network.vpc_network",
            "google_compute_vpn_gateway.aws_vpn_gateway",
            "google_compute_vpn_tunnel.aws_tunnel"
          ]
        }
      ]
    },
    {
      "mode": "managed",
      "type": "google_compute_router",
      "name": "nat_router",
      "provider": "provider[\"registry.terraform.io/hashicorp/google\"]",
      "instances": [
        {
          "schema_version": 0,
          "attributes": {
            "bgp": [],
            "creation_timestamp": "2025-07-02T17:54:11.779-07:00",
            "description": "",
            "encrypted_interconnect_router": false,
            "id": "projects/ott-project-462006/regions/asia-northeast3/routers/nat-router",
            "md5_authentication_keys": [],
            "name": "nat-router",
            "network": "https://www.googleapis.com/compute/v1/projects/ott-project-462006/global/networks/custom-vpc",
            "project": "ott-project-462006",
            "region": "asia-northeast3",
            "self_link": "https://www.googleapis.com/compute/v1/projects/ott-project-462006/regions/asia-northeast3/routers/nat-router",
            "timeouts": null
          },
          "sensitive_attributes": [],
          "private": "eyJlMmJmYjczMC1lY2FhLTExZTYtOGY4OC0zNDM2M2JjN2M0YzAiOnsiY3JlYXRlIjoxMjAwMDAwMDAwMDAwLCJkZWxldGUiOjEyMDAwMDAwMDAwMDAsInVwZGF0ZSI6MTIwMDAwMDAwMDAwMH19",
          "dependencies": [
            "google_compute_network.vpc_network"
          ]
        }
      ]
    },
    {
      "mode": "managed",
      "type": "google_compute_router_nat",
      "name": "cloud_nat",
      "provider": "provider[\"registry.terraform.io/hashicorp/google\"]",
      "instances": [
        {
          "schema_version": 0,
          "attributes": {
            "auto_network_tier": null,
            "drain_nat_ips": [],
            "enable_dynamic_port_allocation": false,
            "enable_endpoint_independent_mapping": false,
            "endpoint_types": [
              "ENDPOINT_TYPE_VM"
            ],
            "icmp_idle_timeout_sec": 30,
            "id": "ott-project-462006/asia-northeast3/nat-router/cloud-nat",
            "initial_nat_ips": null,
            "log_config": [],
            "max_ports_per_vm": 0,
            "min_ports_per_vm": 0,
            "name": "cloud-nat",
            "nat64_subnetwork": [],
            "nat_ip_allocate_option": "AUTO_ONLY",
            "nat_ips": [],
            "project": "ott-project-462006",
            "region": "asia-northeast3",
            "router": "nat-router",
            "rules": [],
            "source_subnetwork_ip_ranges_to_nat": "ALL_SUBNETWORKS_ALL_IP_RANGES",
            "source_subnetwork_ip_ranges_to_nat64": "",
            "subnetwork": [],
            "tcp_established_idle_timeout_sec": 1200,
            "tcp_time_wait_timeout_sec": 120,
            "tcp_transitory_idle_timeout_sec": 30,
            "timeouts": null,
            "type": "PUBLIC",
            "udp_idle_timeout_sec": 30
          },
          "sensitive_attributes": [],
          "private": "eyJlMmJmYjczMC1lY2FhLTExZTYtOGY4OC0zNDM2M2JjN2M0YzAiOnsiY3JlYXRlIjoxMjAwMDAwMDAwMDAwLCJkZWxldGUiOjEyMDAwMDAwMDAwMDAsInVwZGF0ZSI6MTIwMDAwMDAwMDAwMH19",
          "dependencies": [
            "google_compute_network.vpc_network",
            "google_compute_router.nat_router"
          ]
        }
      ]
    },
    {
      "mode": "managed",
      "type": "google_compute_subnetwork",
      "name": "private_subnet",
      "provider": "provider[\"registry.terraform.io/hashicorp/google\"]",
      "instances": [
        {
          "schema_version": 0,
          "attributes": {
            "creation_timestamp": "2025-07-02T16:54:21.207-07:00",
            "description": "",
            "enable_flow_logs": false,
            "external_ipv6_prefix": "",
            "fingerprint": null,
            "gateway_address": "10.10.2.1",
            "id": "projects/ott-project-462006/regions/asia-northeast3/subnetworks/private-subnet",
            "internal_ipv6_prefix": "",
            "ip_cidr_range": "10.10.2.0/24",
            "ip_collection": null,
            "ipv6_access_type": "",
            "ipv6_cidr_range": "",
            "ipv6_gce_endpoint": "",
            "log_config": [],
            "name": "private-subnet",
            "network": "https://www.googleapis.com/compute/v1/projects/ott-project-462006/global/networks/custom-vpc",
            "private_ip_google_access": true,
            "private_ipv6_google_access": "DISABLE_GOOGLE_ACCESS",
            "project": "ott-project-462006",
            "purpose": "PRIVATE",
            "region": "asia-northeast3",
            "reserved_internal_range": "",
            "role": "",
            "secondary_ip_range": [
              {
                "ip_cidr_range": "10.11.0.0/16",
                "range_name": "gke-pod-range",
                "reserved_internal_range": ""
              },
              {
                "ip_cidr_range": "10.12.0.0/20",
                "range_name": "gke-svc-range",
                "reserved_internal_range": ""
              }
            ],
            "self_link": "https://www.googleapis.com/compute/v1/projects/ott-project-462006/regions/asia-northeast3/subnetworks/private-subnet",
            "send_secondary_ip_range_if_empty": null,
            "stack_type": "IPV4_ONLY",
            "state": "",
            "subnetwork_id": 37565938816022594,
            "timeouts": null
          },
          "sensitive_attributes": [],
          "private": "eyJlMmJmYjczMC1lY2FhLTExZTYtOGY4OC0zNDM2M2JjN2M0YzAiOnsiY3JlYXRlIjoxMjAwMDAwMDAwMDAwLCJkZWxldGUiOjEyMDAwMDAwMDAwMDAsInVwZGF0ZSI6MTIwMDAwMDAwMDAwMH0sInNjaGVtYV92ZXJzaW9uIjoiMCJ9",
          "dependencies": [
            "google_compute_network.vpc_network"
          ]
        }
      ]
    },
    {
      "mode": "managed",
      "type": "google_compute_subnetwork",
      "name": "public_subnet",
      "provider": "provider[\"registry.terraform.io/hashicorp/google\"]",
      "instances": [
        {
          "schema_version": 0,
          "attributes": {
            "creation_timestamp": "2025-07-02T17:54:12.295-07:00",
            "description": "",
            "enable_flow_logs": false,
            "external_ipv6_prefix": "",
            "fingerprint": null,
            "gateway_address": "10.10.1.1",
            "id": "projects/ott-project-462006/regions/asia-northeast3/subnetworks/public-subnet",
            "internal_ipv6_prefix": "",
            "ip_cidr_range": "10.10.1.0/24",
            "ip_collection": null,
            "ipv6_access_type": "",
            "ipv6_cidr_range": "",
            "ipv6_gce_endpoint": "",
            "log_config": [],
            "name": "public-subnet",
            "network": "https://www.googleapis.com/compute/v1/projects/ott-project-462006/global/networks/custom-vpc",
            "private_ip_google_access": false,
            "private_ipv6_google_access": "DISABLE_GOOGLE_ACCESS",
            "project": "ott-project-462006",
            "purpose": "PRIVATE",
            "region": "asia-northeast3",
            "reserved_internal_range": "",
            "role": "",
            "secondary_ip_range": [],
            "self_link": "https://www.googleapis.com/compute/v1/projects/ott-project-462006/regions/asia-northeast3/subnetworks/public-subnet",
            "send_secondary_ip_range_if_empty": null,
            "stack_type": "IPV4_ONLY",
            "state": "",
            "subnetwork_id": 6337565556480698971,
            "timeouts": null
          },
          "sensitive_attributes": [],
          "private": "eyJlMmJmYjczMC1lY2FhLTExZTYtOGY4OC0zNDM2M2JjN2M0YzAiOnsiY3JlYXRlIjoxMjAwMDAwMDAwMDAwLCJkZWxldGUiOjEyMDAwMDAwMDAwMDAsInVwZGF0ZSI6MTIwMDAwMDAwMDAwMH19",
          "dependencies": [
            "google_compute_network.vpc_network"
          ]
        }
      ]
    },
    {
      "mode": "managed",
      "type": "google_compute_vpn_gateway",
      "name": "aws_vpn_gateway",
      "provider": "provider[\"registry.terraform.io/hashicorp/google\"]",
      "instances": [
        {
          "schema_version": 0,
          "attributes": {
            "creation_timestamp": "2025-07-02T17:58:43.102-07:00",
            "description": "",
            "gateway_id": 2567428235961330476,
            "id": "projects/ott-project-462006/regions/asia-northeast3/targetVpnGateways/aws-vpn-gateway",
            "name": "aws-vpn-gateway",
            "network": "https://www.googleapis.com/compute/v1/projects/ott-project-462006/global/networks/custom-vpc",
            "project": "ott-project-462006",
            "region": "asia-northeast3",
            "self_link": "https://www.googleapis.com/compute/v1/projects/ott-project-462006/regions/asia-northeast3/targetVpnGateways/aws-vpn-gateway",
            "timeouts": null
          },
          "sensitive_attributes": [],
          "private": "eyJlMmJmYjczMC1lY2FhLTExZTYtOGY4OC0zNDM2M2JjN2M0YzAiOnsiY3JlYXRlIjoxMjAwMDAwMDAwMDAwLCJkZWxldGUiOjEyMDAwMDAwMDAwMDB9fQ==",
          "dependencies": [
            "google_compute_network.vpc_network"
          ]
        }
      ]
    },
    {
      "mode": "managed",
      "type": "google_compute_vpn_tunnel",
      "name": "aws_tunnel",
      "provider": "provider[\"registry.terraform.io/hashicorp/google\"]",
      "instances": [
        {
          "schema_version": 0,
          "attributes": {
            "creation_timestamp": "2025-07-02T17:59:05.284-07:00",
            "description": "",
            "detailed_status": "No incoming packets from peer",
            "effective_labels": {
              "goog-terraform-provisioned": "true"
            },
            "id": "projects/ott-project-462006/regions/asia-northeast3/vpnTunnels/aws-tunnel",
            "ike_version": 2,
            "label_fingerprint": "vezUS-42LLM=",
            "labels": {},
            "local_traffic_selector": [
              "10.10.2.0/24"
            ],
            "name": "aws-tunnel",
            "peer_external_gateway": "",
            "peer_external_gateway_interface": 0,
            "peer_gcp_gateway": "",
            "peer_ip": "34.64.212.240",
            "project": "ott-project-462006",
            "region": "asia-northeast3",
            "remote_traffic_selector": [
              "10.0.101.0/24"
            ],
            "router": "",
            "self_link": "https://www.googleapis.com/compute/v1/projects/ott-project-462006/regions/asia-northeast3/vpnTunnels/aws-tunnel",
            "shared_secret": "4whtkwjsrhddbzl",
            "shared_secret_hash": "3Wwj45Xb58ppi9lSLNcFYRL6Vlf8",
            "target_vpn_gateway": "https://www.googleapis.com/compute/v1/projects/ott-project-462006/regions/asia-northeast3/targetVpnGateways/aws-vpn-gateway",
            "terraform_labels": {
              "goog-terraform-provisioned": "true"
            },
            "timeouts": null,
            "tunnel_id": "8699196875154680630",
            "vpn_gateway": "",
            "vpn_gateway_interface": 0
          },
          "sensitive_attributes": [],
          "private": "eyJlMmJmYjczMC1lY2FhLTExZTYtOGY4OC0zNDM2M2JjN2M0YzAiOnsiY3JlYXRlIjoxMjAwMDAwMDAwMDAwLCJkZWxldGUiOjEyMDAwMDAwMDAwMDAsInVwZGF0ZSI6MTIwMDAwMDAwMDAwMH19",
          "dependencies": [
            "google_compute_address.vpn_static_ip",
            "google_compute_forwarding_rule.esp_forwarding_rule",
            "google_compute_forwarding_rule.udp4500_forwarding_rule",
            "google_compute_forwarding_rule.udp500_forwarding_rule",
            "google_compute_network.vpc_network",
            "google_compute_vpn_gateway.aws_vpn_gateway"
          ]
        }
      ]
    },
    {
      "mode": "managed",
      "type": "google_project_iam_member",
      "name": "cloud_build_artifact_registry_writer",
      "provider": "provider[\"registry.terraform.io/hashicorp/google\"]",
      "instances": [
        {
          "schema_version": 0,
          "attributes": {
            "condition": [],
            "etag": "BwY4+1kG8tk=",
            "id": "ott-project-462006/roles/artifactregistry.writer/serviceAccount:291577203787@cloudbuild.gserviceaccount.com",
            "member": "serviceAccount:291577203787@cloudbuild.gserviceaccount.com",
            "project": "ott-project-462006",
            "role": "roles/artifactregistry.writer"
          },
          "sensitive_attributes": [],
          "private": "bnVsbA==",
          "dependencies": [
            "data.google_project.project",
            "google_project_service.artifactregistry",
            "google_project_service.cloudbuild"
          ]
        }
      ]
    },
    {
      "mode": "managed",
      "type": "google_project_iam_member",
      "name": "cloud_build_functions_developer",
      "provider": "provider[\"registry.terraform.io/hashicorp/google\"]",
      "instances": [
        {
          "schema_version": 0,
          "attributes": {
            "condition": [],
            "etag": "BwY4+1kG8tk=",
            "id": "ott-project-462006/roles/cloudfunctions.developer/serviceAccount:291577203787@cloudbuild.gserviceaccount.com",
            "member": "serviceAccount:291577203787@cloudbuild.gserviceaccount.com",
            "project": "ott-project-462006",
            "role": "roles/cloudfunctions.developer"
          },
          "sensitive_attributes": [],
          "private": "bnVsbA==",
          "dependencies": [
            "data.google_project.project",
            "google_project_service.cloudbuild",
            "google_project_service.cloudfunctions"
          ]
        }
      ]
    },
    {
      "mode": "managed",
      "type": "google_project_iam_member",
      "name": "cloud_build_run_admin",
      "provider": "provider[\"registry.terraform.io/hashicorp/google\"]",
      "instances": [
        {
          "schema_version": 0,
          "attributes": {
            "condition": [],
            "etag": "BwY4+1kG8tk=",
            "id": "ott-project-462006/roles/run.admin/serviceAccount:291577203787@cloudbuild.gserviceaccount.com",
            "member": "serviceAccount:291577203787@cloudbuild.gserviceaccount.com",
            "project": "ott-project-462006",
            "role": "roles/run.admin"
          },
          "sensitive_attributes": [],
          "private": "bnVsbA==",
          "dependencies": [
            "data.google_project.project",
            "google_project_service.cloudbuild",
            "google_project_service.cloudrun"
          ]
        }
      ]
    },
    {
      "mode": "managed",
      "type": "google_project_iam_member",
      "name": "cloud_build_sa_user",
      "provider": "provider[\"registry.terraform.io/hashicorp/google\"]",
      "instances": [
        {
          "schema_version": 0,
          "attributes": {
            "condition": [],
            "etag": "BwY4+1kG8tk=",
            "id": "ott-project-462006/roles/iam.serviceAccountUser/serviceAccount:291577203787@cloudbuild.gserviceaccount.com",
            "member": "serviceAccount:291577203787@cloudbuild.gserviceaccount.com",
            "project": "ott-project-462006",
            "role": "roles/iam.serviceAccountUser"
          },
          "sensitive_attributes": [],
          "private": "bnVsbA==",
          "dependencies": [
            "data.google_project.project",
            "google_project_service.cloudbuild",
            "google_project_service.iam"
          ]
        }
      ]
    },
    {
      "mode": "managed",
      "type": "google_project_iam_member",
      "name": "cloud_functions_artifact_reader",
      "provider": "provider[\"registry.terraform.io/hashicorp/google\"]",
      "instances": [
        {
          "schema_version": 0,
          "attributes": {
            "condition": [],
            "etag": "BwY4+1kG8tk=",
            "id": "ott-project-462006/roles/artifactregistry.reader/serviceAccount:service-291577203787@gcf-admin-robot.iam.gserviceaccount.com",
            "member": "serviceAccount:service-291577203787@gcf-admin-robot.iam.gserviceaccount.com",
            "project": "ott-project-462006",
            "role": "roles/artifactregistry.reader"
          },
          "sensitive_attributes": [],
          "private": "bnVsbA=="
        }
      ]
    },
    {
      "mode": "managed",
      "type": "google_project_iam_member",
      "name": "functions_runtime_run_developer",
      "provider": "provider[\"registry.terraform.io/hashicorp/google\"]",
      "instances": [
        {
          "schema_version": 0,
          "attributes": {
            "condition": [],
            "etag": "BwY4+1kG8tk=",
            "id": "ott-project-462006/roles/run.developer/serviceAccount:291577203787-compute@developer.gserviceaccount.com",
            "member": "serviceAccount:291577203787-compute@developer.gserviceaccount.com",
            "project": "ott-project-462006",
            "role": "roles/run.developer"
          },
          "sensitive_attributes": [],
          "private": "bnVsbA==",
          "dependencies": [
            "data.google_project.project",
            "google_project_service.cloudfunctions",
            "google_project_service.cloudrun"
          ]
        }
      ]
    },
    {
      "mode": "managed",
      "type": "google_project_iam_member",
      "name": "functions_runtime_run_invoker",
      "provider": "provider[\"registry.terraform.io/hashicorp/google\"]",
      "instances": [
        {
          "schema_version": 0,
          "attributes": {
            "condition": [],
            "etag": "BwY4+1kG8tk=",
            "id": "ott-project-462006/roles/run.invoker/serviceAccount:291577203787-compute@developer.gserviceaccount.com",
            "member": "serviceAccount:291577203787-compute@developer.gserviceaccount.com",
            "project": "ott-project-462006",
            "role": "roles/run.invoker"
          },
          "sensitive_attributes": [],
          "private": "bnVsbA==",
          "dependencies": [
            "data.google_project.project",
            "google_project_service.cloudfunctions",
            "google_project_service.cloudrun"
          ]
        }
      ]
    },
    {
      "mode": "managed",
      "type": "google_project_iam_member",
      "name": "gcs_access",
      "provider": "provider[\"registry.terraform.io/hashicorp/google\"]",
      "instances": [
        {
          "schema_version": 0,
          "attributes": {
            "condition": [],
            "etag": "BwY4+1kG8tk=",
            "id": "ott-project-462006/roles/storage.objectViewer/serviceAccount:vm-access-sa@ott-project-462006.iam.gserviceaccount.com",
            "member": "serviceAccount:vm-access-sa@ott-project-462006.iam.gserviceaccount.com",
            "project": "ott-project-462006",
            "role": "roles/storage.objectViewer"
          },
          "sensitive_attributes": [],
          "private": "bnVsbA==",
          "dependencies": [
            "google_service_account.vm_service_account"
          ]
        }
      ]
    },
    {
      "mode": "managed",
      "type": "google_project_iam_member",
      "name": "gke_sa_instance_admin",
      "provider": "provider[\"registry.terraform.io/hashicorp/google\"]",
      "instances": [
        {
          "schema_version": 0,
          "attributes": {
            "condition": [],
            "etag": "BwY4+1kG8tk=",
            "id": "ott-project-462006/roles/compute.instanceAdmin.v1/serviceAccount:terraform-vm-sa@ott-project-462006.iam.gserviceaccount.com",
            "member": "serviceAccount:terraform-vm-sa@ott-project-462006.iam.gserviceaccount.com",
            "project": "ott-project-462006",
            "role": "roles/compute.instanceAdmin.v1"
          },
          "sensitive_attributes": [],
          "private": "bnVsbA=="
        }
      ]
    },
    {
      "mode": "managed",
      "type": "google_project_iam_member",
      "name": "gke_sa_node",
      "provider": "provider[\"registry.terraform.io/hashicorp/google\"]",
      "instances": [
        {
          "schema_version": 0,
          "attributes": {
            "condition": [],
            "etag": "BwY4+1kG8tk=",
            "id": "ott-project-462006/roles/container.nodeServiceAccount/serviceAccount:terraform-vm-sa@ott-project-462006.iam.gserviceaccount.com",
            "member": "serviceAccount:terraform-vm-sa@ott-project-462006.iam.gserviceaccount.com",
            "project": "ott-project-462006",
            "role": "roles/container.nodeServiceAccount"
          },
          "sensitive_attributes": [],
          "private": "bnVsbA=="
        }
      ]
    },
    {
      "mode": "managed",
      "type": "google_project_iam_member",
      "name": "gke_sa_sa_user",
      "provider": "provider[\"registry.terraform.io/hashicorp/google\"]",
      "instances": [
        {
          "schema_version": 0,
          "attributes": {
            "condition": [],
            "etag": "BwY4+1kG8tk=",
            "id": "ott-project-462006/roles/iam.serviceAccountUser/serviceAccount:terraform-vm-sa@ott-project-462006.iam.gserviceaccount.com",
            "member": "serviceAccount:terraform-vm-sa@ott-project-462006.iam.gserviceaccount.com",
            "project": "ott-project-462006",
            "role": "roles/iam.serviceAccountUser"
          },
          "sensitive_attributes": [],
          "private": "bnVsbA=="
        }
      ]
    },
    {
      "mode": "managed",
      "type": "google_project_iam_member",
      "name": "gke_sa_storage_viewer",
      "provider": "provider[\"registry.terraform.io/hashicorp/google\"]",
      "instances": [
        {
          "schema_version": 0,
          "attributes": {
            "condition": [],
            "etag": "BwY4+1kG8tk=",
            "id": "ott-project-462006/roles/storage.objectViewer/serviceAccount:terraform-vm-sa@ott-project-462006.iam.gserviceaccount.com",
            "member": "serviceAccount:terraform-vm-sa@ott-project-462006.iam.gserviceaccount.com",
            "project": "ott-project-462006",
            "role": "roles/storage.objectViewer"
          },
          "sensitive_attributes": [],
          "private": "bnVsbA=="
        }
      ]
    },
    {
      "mode": "managed",
      "type": "google_project_iam_member",
      "name": "terraform_api_gateway_editor",
      "provider": "provider[\"registry.terraform.io/hashicorp/google\"]",
      "instances": [
        {
          "schema_version": 0,
          "attributes": {
            "condition": [],
            "etag": "BwY4+1kG8tk=",
            "id": "ott-project-462006/roles/apigateway.admin/serviceAccount:terraform-vm-sa@ott-project-462006.iam.gserviceaccount.com",
            "member": "serviceAccount:terraform-vm-sa@ott-project-462006.iam.gserviceaccount.com",
            "project": "ott-project-462006",
            "role": "roles/apigateway.admin"
          },
          "sensitive_attributes": [],
          "private": "bnVsbA==",
          "dependencies": [
            "google_project_service.api_gateway",
            "google_project_service.iam"
          ]
        }
      ]
    },
    {
      "mode": "managed",
      "type": "google_project_service",
      "name": "api_gateway",
      "provider": "provider[\"registry.terraform.io/hashicorp/google\"]",
      "instances": [
        {
          "schema_version": 0,
          "attributes": {
            "disable_dependent_services": true,
            "disable_on_destroy": false,
            "id": "ott-project-462006/apigateway.googleapis.com",
            "project": "ott-project-462006",
            "service": "apigateway.googleapis.com",
            "timeouts": null
          },
          "sensitive_attributes": [],
          "private": "eyJlMmJmYjczMC1lY2FhLTExZTYtOGY4OC0zNDM2M2JjN2M0YzAiOnsiY3JlYXRlIjoxMjAwMDAwMDAwMDAwLCJkZWxldGUiOjEyMDAwMDAwMDAwMDAsInJlYWQiOjYwMDAwMDAwMDAwMCwidXBkYXRlIjoxMjAwMDAwMDAwMDAwfX0="
        }
      ]
    },
    {
      "mode": "managed",
      "type": "google_project_service",
      "name": "artifactregistry",
      "provider": "provider[\"registry.terraform.io/hashicorp/google\"]",
      "instances": [
        {
          "schema_version": 0,
          "attributes": {
            "disable_dependent_services": true,
            "disable_on_destroy": false,
            "id": "ott-project-462006/artifactregistry.googleapis.com",
            "project": "ott-project-462006",
            "service": "artifactregistry.googleapis.com",
            "timeouts": null
          },
          "sensitive_attributes": [],
          "private": "eyJlMmJmYjczMC1lY2FhLTExZTYtOGY4OC0zNDM2M2JjN2M0YzAiOnsiY3JlYXRlIjoxMjAwMDAwMDAwMDAwLCJkZWxldGUiOjEyMDAwMDAwMDAwMDAsInJlYWQiOjYwMDAwMDAwMDAwMCwidXBkYXRlIjoxMjAwMDAwMDAwMDAwfX0="
        }
      ]
    },
    {
      "mode": "managed",
      "type": "google_project_service",
      "name": "cloudbuild",
      "provider": "provider[\"registry.terraform.io/hashicorp/google\"]",
      "instances": [
        {
          "schema_version": 0,
          "attributes": {
            "disable_dependent_services": true,
            "disable_on_destroy": false,
            "id": "ott-project-462006/cloudbuild.googleapis.com",
            "project": "ott-project-462006",
            "service": "cloudbuild.googleapis.com",
            "timeouts": null
          },
          "sensitive_attributes": [],
          "private": "eyJlMmJmYjczMC1lY2FhLTExZTYtOGY4OC0zNDM2M2JjN2M0YzAiOnsiY3JlYXRlIjoxMjAwMDAwMDAwMDAwLCJkZWxldGUiOjEyMDAwMDAwMDAwMDAsInJlYWQiOjYwMDAwMDAwMDAwMCwidXBkYXRlIjoxMjAwMDAwMDAwMDAwfX0="
        }
      ]
    },
    {
      "mode": "managed",
      "type": "google_project_service",
      "name": "cloudfunctions",
      "provider": "provider[\"registry.terraform.io/hashicorp/google\"]",
      "instances": [
        {
          "schema_version": 0,
          "attributes": {
            "disable_dependent_services": true,
            "disable_on_destroy": false,
            "id": "ott-project-462006/cloudfunctions.googleapis.com",
            "project": "ott-project-462006",
            "service": "cloudfunctions.googleapis.com",
            "timeouts": null
          },
          "sensitive_attributes": [],
          "private": "eyJlMmJmYjczMC1lY2FhLTExZTYtOGY4OC0zNDM2M2JjN2M0YzAiOnsiY3JlYXRlIjoxMjAwMDAwMDAwMDAwLCJkZWxldGUiOjEyMDAwMDAwMDAwMDAsInJlYWQiOjYwMDAwMDAwMDAwMCwidXBkYXRlIjoxMjAwMDAwMDAwMDAwfX0="
        }
      ]
    },
    {
      "mode": "managed",
      "type": "google_project_service",
      "name": "cloudfunctions_api",
      "provider": "provider[\"registry.terraform.io/hashicorp/google\"]",
      "instances": [
        {
          "schema_version": 0,
          "attributes": {
            "disable_dependent_services": true,
            "disable_on_destroy": false,
            "id": "ott-project-462006/cloudfunctions.googleapis.com",
            "project": "ott-project-462006",
            "service": "cloudfunctions.googleapis.com",
            "timeouts": null
          },
          "sensitive_attributes": [],
          "private": "eyJlMmJmYjczMC1lY2FhLTExZTYtOGY4OC0zNDM2M2JjN2M0YzAiOnsiY3JlYXRlIjoxMjAwMDAwMDAwMDAwLCJkZWxldGUiOjEyMDAwMDAwMDAwMDAsInJlYWQiOjYwMDAwMDAwMDAwMCwidXBkYXRlIjoxMjAwMDAwMDAwMDAwfX0="
        }
      ]
    },
    {
      "mode": "managed",
      "type": "google_project_service",
      "name": "cloudrun",
      "provider": "provider[\"registry.terraform.io/hashicorp/google\"]",
      "instances": [
        {
          "schema_version": 0,
          "attributes": {
            "disable_dependent_services": true,
            "disable_on_destroy": false,
            "id": "ott-project-462006/run.googleapis.com",
            "project": "ott-project-462006",
            "service": "run.googleapis.com",
            "timeouts": null
          },
          "sensitive_attributes": [],
          "private": "eyJlMmJmYjczMC1lY2FhLTExZTYtOGY4OC0zNDM2M2JjN2M0YzAiOnsiY3JlYXRlIjoxMjAwMDAwMDAwMDAwLCJkZWxldGUiOjEyMDAwMDAwMDAwMDAsInJlYWQiOjYwMDAwMDAwMDAwMCwidXBkYXRlIjoxMjAwMDAwMDAwMDAwfX0="
        }
      ]
    },
    {
      "mode": "managed",
      "type": "google_project_service",
      "name": "container_api",
      "provider": "provider[\"registry.terraform.io/hashicorp/google\"]",
      "instances": [
        {
          "schema_version": 0,
          "attributes": {
            "disable_dependent_services": true,
            "disable_on_destroy": false,
            "id": "ott-project-462006/container.googleapis.com",
            "project": "ott-project-462006",
            "service": "container.googleapis.com",
            "timeouts": null
          },
          "sensitive_attributes": [],
          "private": "eyJlMmJmYjczMC1lY2FhLTExZTYtOGY4OC0zNDM2M2JjN2M0YzAiOnsiY3JlYXRlIjoxMjAwMDAwMDAwMDAwLCJkZWxldGUiOjEyMDAwMDAwMDAwMDAsInJlYWQiOjYwMDAwMDAwMDAwMCwidXBkYXRlIjoxMjAwMDAwMDAwMDAwfX0="
        }
      ]
    },
    {
      "mode": "managed",
      "type": "google_project_service",
      "name": "eventarc",
      "provider": "provider[\"registry.terraform.io/hashicorp/google\"]",
      "instances": [
        {
          "schema_version": 0,
          "attributes": {
            "disable_dependent_services": true,
            "disable_on_destroy": false,
            "id": "ott-project-462006/eventarc.googleapis.com",
            "project": "ott-project-462006",
            "service": "eventarc.googleapis.com",
            "timeouts": null
          },
          "sensitive_attributes": [],
          "private": "eyJlMmJmYjczMC1lY2FhLTExZTYtOGY4OC0zNDM2M2JjN2M0YzAiOnsiY3JlYXRlIjoxMjAwMDAwMDAwMDAwLCJkZWxldGUiOjEyMDAwMDAwMDAwMDAsInJlYWQiOjYwMDAwMDAwMDAwMCwidXBkYXRlIjoxMjAwMDAwMDAwMDAwfX0="
        }
      ]
    },
    {
      "mode": "managed",
      "type": "google_project_service",
      "name": "iam",
      "provider": "provider[\"registry.terraform.io/hashicorp/google\"]",
      "instances": [
        {
          "schema_version": 0,
          "attributes": {
            "disable_dependent_services": true,
            "disable_on_destroy": false,
            "id": "ott-project-462006/iam.googleapis.com",
            "project": "ott-project-462006",
            "service": "iam.googleapis.com",
            "timeouts": null
          },
          "sensitive_attributes": [],
          "private": "eyJlMmJmYjczMC1lY2FhLTExZTYtOGY4OC0zNDM2M2JjN2M0YzAiOnsiY3JlYXRlIjoxMjAwMDAwMDAwMDAwLCJkZWxldGUiOjEyMDAwMDAwMDAwMDAsInJlYWQiOjYwMDAwMDAwMDAwMCwidXBkYXRlIjoxMjAwMDAwMDAwMDAwfX0="
        }
      ]
    },
    {
      "mode": "managed",
      "type": "google_project_service",
      "name": "pubsub",
      "provider": "provider[\"registry.terraform.io/hashicorp/google\"]",
      "instances": [
        {
          "schema_version": 0,
          "attributes": {
            "disable_dependent_services": true,
            "disable_on_destroy": false,
            "id": "ott-project-462006/pubsub.googleapis.com",
            "project": "ott-project-462006",
            "service": "pubsub.googleapis.com",
            "timeouts": null
          },
          "sensitive_attributes": [],
          "private": "eyJlMmJmYjczMC1lY2FhLTExZTYtOGY4OC0zNDM2M2JjN2M0YzAiOnsiY3JlYXRlIjoxMjAwMDAwMDAwMDAwLCJkZWxldGUiOjEyMDAwMDAwMDAwMDAsInJlYWQiOjYwMDAwMDAwMDAwMCwidXBkYXRlIjoxMjAwMDAwMDAwMDAwfX0="
        }
      ]
    },
    {
      "mode": "managed",
      "type": "google_project_service",
      "name": "storage",
      "provider": "provider[\"registry.terraform.io/hashicorp/google\"]",
      "instances": [
        {
          "schema_version": 0,
          "attributes": {
            "disable_dependent_services": true,
            "disable_on_destroy": false,
            "id": "ott-project-462006/storage.googleapis.com",
            "project": "ott-project-462006",
            "service": "storage.googleapis.com",
            "timeouts": null
          },
          "sensitive_attributes": [],
          "private": "eyJlMmJmYjczMC1lY2FhLTExZTYtOGY4OC0zNDM2M2JjN2M0YzAiOnsiY3JlYXRlIjoxMjAwMDAwMDAwMDAwLCJkZWxldGUiOjEyMDAwMDAwMDAwMDAsInJlYWQiOjYwMDAwMDAwMDAwMCwidXBkYXRlIjoxMjAwMDAwMDAwMDAwfX0="
        }
      ]
    },
    {
      "mode": "managed",
      "type": "google_service_account",
      "name": "vm_service_account",
      "provider": "provider[\"registry.terraform.io/hashicorp/google\"]",
      "instances": [
        {
          "schema_version": 0,
          "attributes": {
            "account_id": "vm-access-sa",
            "create_ignore_already_exists": null,
            "description": "",
            "disabled": false,
            "display_name": "Service account for private VM",
            "email": "vm-access-sa@ott-project-462006.iam.gserviceaccount.com",
            "id": "projects/ott-project-462006/serviceAccounts/vm-access-sa@ott-project-462006.iam.gserviceaccount.com",
            "member": "serviceAccount:vm-access-sa@ott-project-462006.iam.gserviceaccount.com",
            "name": "projects/ott-project-462006/serviceAccounts/vm-access-sa@ott-project-462006.iam.gserviceaccount.com",
            "project": "ott-project-462006",
            "timeouts": null,
            "unique_id": "103687057783800000606"
          },
          "sensitive_attributes": [],
          "private": "eyJlMmJmYjczMC1lY2FhLTExZTYtOGY4OC0zNDM2M2JjN2M0YzAiOnsiY3JlYXRlIjozMDAwMDAwMDAwMDB9fQ=="
        }
      ]
    },
    {
      "mode": "managed",
      "type": "google_sql_database",
      "name": "app_db",
      "provider": "provider[\"registry.terraform.io/hashicorp/google\"]",
      "instances": [
        {
          "schema_version": 0,
          "attributes": {
            "charset": "utf8mb4",
            "collation": "utf8mb4_general_ci",
            "deletion_policy": "DELETE",
            "id": "projects/ott-project-462006/instances/mydb/databases/app_db",
            "instance": "mydb",
            "name": "app_db",
            "project": "ott-project-462006",
            "self_link": "https://sqladmin.googleapis.com/sql/v1beta4/projects/ott-project-462006/instances/mydb/databases/app_db",
            "timeouts": null
          },
          "sensitive_attributes": [],
          "private": "eyJlMmJmYjczMC1lY2FhLTExZTYtOGY4OC0zNDM2M2JjN2M0YzAiOnsiY3JlYXRlIjoxMjAwMDAwMDAwMDAwLCJkZWxldGUiOjEyMDAwMDAwMDAwMDAsInVwZGF0ZSI6MTIwMDAwMDAwMDAwMH19",
          "dependencies": [
            "google_sql_database_instance.mysql_instance"
          ]
        }
      ]
    },
    {
      "mode": "managed",
      "type": "google_sql_database_instance",
      "name": "mysql_instance",
      "provider": "provider[\"registry.terraform.io/hashicorp/google\"]",
      "instances": [
        {
          "schema_version": 0,
          "attributes": {
            "available_maintenance_versions": [],
            "clone": [],
            "connection_name": "ott-project-462006:asia-northeast3:mydb",
            "database_version": "MYSQL_8_0",
            "deletion_protection": false,
            "dns_name": "",
            "dns_names": [],
            "encryption_key_name": null,
            "first_ip_address": "34.47.78.123",
            "id": "mydb",
            "instance_type": "CLOUD_SQL_INSTANCE",
            "ip_address": [
              {
                "ip_address": "34.47.78.123",
                "time_to_retire": "",
                "type": "PRIMARY"
              }
            ],
            "maintenance_version": "MYSQL_8_0_41.R20250304.00_05",
            "master_instance_name": "",
            "name": "mydb",
            "private_ip_address": "",
            "project": "ott-project-462006",
            "psc_service_attachment_link": "",
            "public_ip_address": "34.47.78.123",
            "region": "asia-northeast3",
            "replica_configuration": [],
            "replica_names": [],
            "replication_cluster": [
              {
                "dr_replica": false,
                "failover_dr_replica_name": ""
              }
            ],
            "restore_backup_context": [],
            "root_password": null,
            "self_link": "https://sqladmin.googleapis.com/sql/v1beta4/projects/ott-project-462006/instances/mydb",
            "server_ca_cert": [
              {
                "cert": "-----BEGIN CERTIFICATE-----\nMIIDfzCCAmegAwIBAgIBADANBgkqhkiG9w0BAQsFADB3MS0wKwYDVQQuEyQ3NzQ4\nZDU1YS02M2E2LTQwODctODkzYi0zNWNjNjc2OTZhYTgxIzAhBgNVBAMTGkdvb2ds\nZSBDbG91ZCBTUUwgU2VydmVyIENBMRQwEgYDVQQKEwtHb29nbGUsIEluYzELMAkG\nA1UEBhMCVVMwHhcNMjUwNzAyMjM1MzUzWhcNMzUwNjMwMjM1NDUzWjB3MS0wKwYD\nVQQuEyQ3NzQ4ZDU1YS02M2E2LTQwODctODkzYi0zNWNjNjc2OTZhYTgxIzAhBgNV\nBAMTGkdvb2dsZSBDbG91ZCBTUUwgU2VydmVyIENBMRQwEgYDVQQKEwtHb29nbGUs\nIEluYzELMAkGA1UEBhMCVVMwggEiMA0GCSqGSIb3DQEBAQUAA4IBDwAwggEKAoIB\nAQClEqsHpVpc1OnHoV97yphaQrAAp/vr+VQCc4RSF5APGra7/nUL6CEgxKDrRP43\nhesghM0rnqW5b2/hFbJ7LOmFEKrPjmble1dnR/qcP2seoBONzDZVCkSpyAioY9q5\nTyAAD3V35jlmzZqsnLIIGWss1rkD/UQ1MUIVSRWSnjOkyMNApLeey2GLPwtVuJ/P\nbbCe8uCUsVqhlD//CQNbs5Zy7GtFldkOhMklfRlcPMatlTOBRpoEe2xfNeB+dGDx\nugzX1gd1VNVjNbDWsoYh2gTBufCnMONVvg4Mg8zxoM7cCM80K30X2xDqxgCl99mL\nTU/tJDqylsJdAmYNf51bGD41AgMBAAGjFjAUMBIGA1UdEwEB/wQIMAYBAf8CAQAw\nDQYJKoZIhvcNAQELBQADggEBAGu8a825iZ8HrLfZBxZrhd0tb0H/RnnfTVtDCDMu\n11ozKMPbVAjCDMs+tlHqss9cNjhLbMHrgGgVxpY4sOkPTsWMVcWY4bTplYgkdNyN\nycNtcNn2nIslvC11V9LsBjkQenPglPakBTEfbZIHvHHMdZJMgCnlwTYjevWsTzUR\n0KQZaq2wS1rhiHfjYnoXV3zWQPIpg9hRZ1j07zoJC3Kem5GTkqHWGD9l4gbQKdCo\nsj4BY+mVa6d80Bn0TYfrpvduyCfiARYNoa4A08KXp9oZ68FjBb8vwBQlVueSbGUB\nt+5ocBX05uinMGBkvEilSKc5zDWa4UckXzJkCVlIoRFaHsE=\n-----END CERTIFICATE-----",
                "common_name": "C=US,O=Google\\, Inc,CN=Google Cloud SQL Server CA,dnQualifier=7748d55a-63a6-4087-893b-35cc67696aa8",
                "create_time": "2025-07-02T23:53:53.101Z",
                "expiration_time": "2035-06-30T23:54:53.101Z",
                "sha1_fingerprint": "a2b0059525ab446dd3b4e8af012fdf0819969560"
              }
            ],
            "service_account_email_address": "p291577203787-7ta14f@gcp-sa-cloud-sql.iam.gserviceaccount.com",
            "settings": [
              {
                "activation_policy": "ALWAYS",
                "active_directory_config": [],
                "advanced_machine_features": [],
                "availability_type": "ZONAL",
                "backup_configuration": [
                  {
                    "backup_retention_settings": [
                      {
                        "retained_backups": 7,
                        "retention_unit": "COUNT"
                      }
                    ],
                    "binary_log_enabled": false,
                    "enabled": false,
                    "location": "",
                    "point_in_time_recovery_enabled": false,
                    "start_time": "11:00",
                    "transaction_log_retention_days": 7
                  }
                ],
                "collation": "",
                "connection_pool_config": [],
                "connector_enforcement": "NOT_REQUIRED",
                "data_cache_config": [
                  {
                    "data_cache_enabled": false
                  }
                ],
                "database_flags": [],
                "deletion_protection_enabled": false,
                "deny_maintenance_period": [],
                "disk_autoresize": true,
                "disk_autoresize_limit": 0,
                "disk_size": 10,
                "disk_type": "PD_SSD",
                "edition": "ENTERPRISE",
                "enable_dataplex_integration": false,
                "enable_google_ml_integration": false,
                "insights_config": [],
                "ip_configuration": [
                  {
                    "allocated_ip_range": "",
                    "authorized_networks": [
                      {
                        "expiration_time": "",
                        "name": "allow-all",
                        "value": "0.0.0.0/0"
                      }
                    ],
                    "custom_subject_alternative_names": [],
                    "enable_private_path_for_google_cloud_services": false,
                    "ipv4_enabled": true,
                    "private_network": "",
                    "psc_config": [],
                    "server_ca_mode": "GOOGLE_MANAGED_INTERNAL_CA",
                    "server_ca_pool": "",
                    "ssl_mode": "ALLOW_UNENCRYPTED_AND_ENCRYPTED"
                  }
                ],
                "location_preference": [
                  {
                    "follow_gae_application": "",
                    "secondary_zone": "",
                    "zone": "asia-northeast3-a"
                  }
                ],
                "maintenance_window": [],
                "password_validation_policy": [],
                "pricing_plan": "PER_USE",
                "retain_backups_on_delete": false,
                "sql_server_audit_config": [],
                "tier": "db-f1-micro",
                "time_zone": "",
                "user_labels": {},
                "version": 3
              }
            ],
            "timeouts": null
          },
          "sensitive_attributes": [],
          "private": "eyJlMmJmYjczMC1lY2FhLTExZTYtOGY4OC0zNDM2M2JjN2M0YzAiOnsiY3JlYXRlIjo1NDAwMDAwMDAwMDAwLCJkZWxldGUiOjU0MDAwMDAwMDAwMDAsInVwZGF0ZSI6NTQwMDAwMDAwMDAwMH19"
        }
      ]
    },
    {
      "mode": "managed",
      "type": "google_sql_user",
      "name": "db_user",
      "provider": "provider[\"registry.terraform.io/hashicorp/google\"]",
      "instances": [
        {
          "schema_version": 1,
          "attributes": {
            "deletion_policy": null,
            "host": "%",
            "id": "ott_admin/%/mydb",
            "instance": "mydb",
            "name": "ott_admin",
            "password": "team4321",
            "password_policy": [],
            "password_wo": null,
            "password_wo_version": null,
            "project": "ott-project-462006",
            "sql_server_user_details": [],
            "timeouts": null,
            "type": ""
          },
          "sensitive_attributes": [],
          "private": "eyJlMmJmYjczMC1lY2FhLTExZTYtOGY4OC0zNDM2M2JjN2M0YzAiOnsiY3JlYXRlIjo2MDAwMDAwMDAwMDAsImRlbGV0ZSI6NjAwMDAwMDAwMDAwLCJ1cGRhdGUiOjYwMDAwMDAwMDAwMH0sInNjaGVtYV92ZXJzaW9uIjoiMSJ9",
          "dependencies": [
            "google_sql_database_instance.mysql_instance"
          ]
        }
      ]
    },
    {
      "mode": "managed",
      "type": "google_storage_bucket",
      "name": "function_bucket",
      "provider": "provider[\"registry.terraform.io/hashicorp/google\"]",
      "instances": [
        {
          "schema_version": 3,
          "attributes": {
            "autoclass": [],
            "cors": [],
            "custom_placement_config": [],
            "default_event_based_hold": false,
            "effective_labels": {
              "goog-terraform-provisioned": "true"
            },
            "enable_object_retention": false,
            "encryption": [],
            "force_destroy": false,
            "hierarchical_namespace": [
              {
                "enabled": false
              }
            ],
            "id": "ott-project-462006-function-bucket",
            "ip_filter": [],
            "labels": {},
            "lifecycle_rule": [],
            "location": "ASIA-NORTHEAST3",
            "logging": [],
            "name": "ott-project-462006-function-bucket",
            "project": "ott-project-462006",
            "project_number": 291577203787,
            "public_access_prevention": "inherited",
            "requester_pays": false,
            "retention_policy": [],
            "rpo": null,
            "self_link": "https://www.googleapis.com/storage/v1/b/ott-project-462006-function-bucket",
            "soft_delete_policy": [
              {
                "effective_time": "2025-07-03T00:20:13.829Z",
                "retention_duration_seconds": 604800
              }
            ],
            "storage_class": "STANDARD",
            "terraform_labels": {
              "goog-terraform-provisioned": "true"
            },
            "time_created": "2025-07-03T00:20:13.829Z",
            "timeouts": null,
            "uniform_bucket_level_access": false,
            "updated": "2025-07-03T00:20:13.829Z",
            "url": "gs://ott-project-462006-function-bucket",
            "versioning": [],
            "website": []
          },
          "sensitive_attributes": [],
          "private": "eyJlMmJmYjczMC1lY2FhLTExZTYtOGY4OC0zNDM2M2JjN2M0YzAiOnsiY3JlYXRlIjo2MDAwMDAwMDAwMDAsInJlYWQiOjI0MDAwMDAwMDAwMCwidXBkYXRlIjoyNDAwMDAwMDAwMDB9LCJzY2hlbWFfdmVyc2lvbiI6IjMifQ=="
        }
      ]
    },
    {
      "mode": "managed",
      "type": "google_storage_bucket",
      "name": "storage_bucket",
      "provider": "provider[\"registry.terraform.io/hashicorp/google\"]",
      "instances": [
        {
          "schema_version": 3,
          "attributes": {
            "autoclass": [],
            "cors": [],
            "custom_placement_config": [],
            "default_event_based_hold": false,
            "effective_labels": {
              "goog-terraform-provisioned": "true"
            },
            "enable_object_retention": false,
            "encryption": [],
            "force_destroy": false,
            "hierarchical_namespace": [
              {
                "enabled": false
              }
            ],
            "id": "tea4-ott-projectter",
            "ip_filter": [],
            "labels": {},
            "lifecycle_rule": [],
            "location": "ASIA-NORTHEAST3",
            "logging": [],
            "name": "tea4-ott-projectter",
            "project": "ott-project-462006",
            "project_number": 291577203787,
            "public_access_prevention": "inherited",
            "requester_pays": false,
            "retention_policy": [],
            "rpo": null,
            "self_link": "https://www.googleapis.com/storage/v1/b/tea4-ott-projectter",
            "soft_delete_policy": [
              {
                "effective_time": "2025-07-03T00:20:13.779Z",
                "retention_duration_seconds": 604800
              }
            ],
            "storage_class": "STANDARD",
            "terraform_labels": {
              "goog-terraform-provisioned": "true"
            },
            "time_created": "2025-07-03T00:20:13.779Z",
            "timeouts": null,
            "uniform_bucket_level_access": false,
            "updated": "2025-07-03T00:20:13.779Z",
            "url": "gs://tea4-ott-projectter",
            "versioning": [],
            "website": []
          },
          "sensitive_attributes": [],
          "private": "eyJlMmJmYjczMC1lY2FhLTExZTYtOGY4OC0zNDM2M2JjN2M0YzAiOnsiY3JlYXRlIjo2MDAwMDAwMDAwMDAsInJlYWQiOjI0MDAwMDAwMDAwMCwidXBkYXRlIjoyNDAwMDAwMDAwMDB9LCJzY2hlbWFfdmVyc2lvbiI6IjMifQ=="
        }
      ]
    },
    {
      "mode": "managed",
      "type": "google_storage_bucket_object",
      "name": "function_zip",
      "provider": "provider[\"registry.terraform.io/hashicorp/google\"]",
      "instances": [
        {
          "schema_version": 0,
          "attributes": {
            "bucket": "ott-project-462006-function-bucket",
            "cache_control": "",
            "content": null,
            "content_disposition": "",
            "content_encoding": "",
            "content_language": "",
            "content_type": "application/zip",
            "crc32c": "CJPLvA==",
            "customer_encryption": [],
            "detect_md5hash": "6HiJloSKnRDaWMAVARZK4A==",
            "event_based_hold": false,
            "generation": 1751502020507788,
            "id": "ott-project-462006-function-bucket-function-source.zip",
            "kms_key_name": "",
            "md5hash": "6HiJloSKnRDaWMAVARZK4A==",
            "md5hexhash": "e8788996848a9d10da58c01501164ae0",
            "media_link": "https://storage.googleapis.com/download/storage/v1/b/ott-project-462006-function-bucket/o/function-source.zip?generation=1751502020507788\u0026alt=media",
            "metadata": {},
            "name": "function-source.zip",
            "output_name": "function-source.zip",
            "retention": [],
            "self_link": "https://www.googleapis.com/storage/v1/b/ott-project-462006-function-bucket/o/function-source.zip",
            "source": "./function-source.zip",
            "source_md5hash": "",
            "storage_class": "STANDARD",
            "temporary_hold": false,
            "timeouts": null
          },
          "sensitive_attributes": [],
          "private": "eyJlMmJmYjczMC1lY2FhLTExZTYtOGY4OC0zNDM2M2JjN2M0YzAiOnsiY3JlYXRlIjoyNDAwMDAwMDAwMDAsImRlbGV0ZSI6MjQwMDAwMDAwMDAwLCJ1cGRhdGUiOjI0MDAwMDAwMDAwMH19",
          "dependencies": [
            "google_storage_bucket.function_bucket"
          ]
        }
      ]
    },
    {
      "mode": "managed",
      "type": "kubernetes_service",
      "name": "fastapi_service",
      "provider": "provider[\"registry.terraform.io/hashicorp/kubernetes\"]",
      "instances": [
        {
          "schema_version": 1,
          "attributes": {
            "id": "default/fastapi-service",
            "metadata": [
              {
                "annotations": {},
                "generate_name": "",
                "generation": 0,
                "labels": {},
                "name": "fastapi-service",
                "namespace": "default",
                "resource_version": "1751507280394559001",
                "uid": "f0ce8cdd-46e2-47d3-b0e4-d7d9dd4e4ce3"
              }
            ],
            "spec": [
              {
                "allocate_load_balancer_node_ports": true,
                "cluster_ip": "10.12.13.233",
                "cluster_ips": [
                  "10.12.13.233"
                ],
                "external_ips": [],
                "external_name": "",
                "external_traffic_policy": "Cluster",
                "health_check_node_port": 0,
                "internal_traffic_policy": "Cluster",
                "ip_families": [
                  "IPv4"
                ],
                "ip_family_policy": "SingleStack",
                "load_balancer_class": "",
                "load_balancer_ip": "",
                "load_balancer_source_ranges": [],
                "port": [
                  {
                    "app_protocol": "",
                    "name": "",
                    "node_port": 30794,
                    "port": 80,
                    "protocol": "TCP",
                    "target_port": "8000"
                  }
                ],
                "publish_not_ready_addresses": false,
                "selector": {
                  "app": "fastapi"
                },
                "session_affinity": "None",
                "session_affinity_config": [],
                "type": "LoadBalancer"
              }
            ],
            "status": [
              {
                "load_balancer": [
                  {
                    "ingress": [
                      {
                        "hostname": "",
                        "ip": "34.64.104.17"
                      }
                    ]
                  }
                ]
              }
            ],
            "timeouts": null,
            "wait_for_load_balancer": true
          },
          "sensitive_attributes": [],
          "private": "eyJlMmJmYjczMC1lY2FhLTExZTYtOGY4OC0zNDM2M2JjN2M0YzAiOnsiY3JlYXRlIjo2MDAwMDAwMDAwMDB9LCJzY2hlbWFfdmVyc2lvbiI6IjEifQ==",
          "dependencies": [
            "google_compute_network.vpc_network",
            "google_compute_subnetwork.private_subnet",
            "google_container_cluster.gke",
            "null_resource.get_gke_credentials"
          ]
        }
      ]
    }
  ],
  "check_results": null
}
